
Microsoft Visual Studio Solution File, Format Version 12.00
# Visual Studio Version 17
VisualStudioVersion = 17.8.33310.211
MinimumVisualStudioVersion = 10.0.40219.1
Project("{FAE04EC0-301F-11D3-BF4B-00C04F79EFBC}") = "HkdAccounting.Domain", "HkdAccounting.Domain\HkdAccounting.Domain.csproj", "{9ADDD632-45B8-D3F6-BB1D-568045FC3ACA}"
EndProject
Project("{FAE04EC0-301F-11D3-BF4B-00C04F79EFBC}") = "HkdAccounting.Application", "HkdAccounting.Application\HkdAccounting.Application.csproj", "{11E1CAD1-8676-E253-2991-54ED693DCB33}"
EndProject
Project("{FAE04EC0-301F-11D3-BF4B-00C04F79EFBC}") = "HkdAccounting.Infrastructure", "HkdAccounting.Infrastructure\HkdAccounting.Infrastructure.csproj", "{DB88811A-F3A6-44C6-9107-D1125A6AB2FC}"
EndProject
Project("{FAE04EC0-301F-11D3-BF4B-00C04F79EFBC}") = "HkdAccounting.Web", "HkdAccounting.Web\HkdAccounting.Web.csproj", "{58F2B5A9-18E4-4BF5-ACA9-6DD70F4E0EA5}"
EndProject
Global
	GlobalSection(SolutionConfigurationPlatforms) = preSolution
		Debug|Any CPU = Debug|Any CPU
		Debug|x64 = Debug|x64
		Debug|x86 = Debug|x86
		Release|Any CPU = Release|Any CPU
		Release|x64 = Release|x64
		Release|x86 = Release|x86
	EndGlobalSection
	GlobalSection(ProjectConfigurationPlatforms) = postSolution
		{9ADDD632-45B8-D3F6-BB1D-568045FC3ACA}.Debug|x64.ActiveCfg = Debug|Any CPU
		{9ADDD632-45B8-D3F6-BB1D-568045FC3ACA}.Debug|x64.Build.0 = Debug|Any CPU
		{9ADDD632-45B8-D3F6-BB1D-568045FC3ACA}.Debug|x86.ActiveCfg = Debug|Any CPU
		{9ADDD632-45B8-D3F6-BB1D-568045FC3ACA}.Debug|x86.Build.0 = Debug|Any CPU
		{9ADDD632-45B8-D3F6-BB1D-568045FC3ACA}.Release|x64.ActiveCfg = Release|Any CPU
		{9ADDD632-45B8-D3F6-BB1D-568045FC3ACA}.Release|x64.Build.0 = Release|Any CPU
		{9ADDD632-45B8-D3F6-BB1D-568045FC3ACA}.Release|x86.ActiveCfg = Release|Any CPU
		{9ADDD632-45B8-D3F6-BB1D-568045FC3ACA}.Release|x86.Build.0 = Release|Any CPU
		{11E1CAD1-8676-E253-2991-54ED693DCB33}.Debug|x64.ActiveCfg = Debug|Any CPU
		{11E1CAD1-8676-E253-2991-54ED693DCB33}.Debug|x64.Build.0 = Debug|Any CPU
		{11E1CAD1-8676-E253-2991-54ED693DCB33}.Debug|x86.ActiveCfg = Debug|Any CPU
		{11E1CAD1-8676-E253-2991-54ED693DCB33}.Debug|x86.Build.0 = Debug|Any CPU
		{11E1CAD1-8676-E253-2991-54ED693DCB33}.Release|x64.ActiveCfg = Release|Any CPU
		{11E1CAD1-8676-E253-2991-54ED693DCB33}.Release|x64.Build.0 = Release|Any CPU
		{11E1CAD1-8676-E253-2991-54ED693DCB33}.Release|x86.ActiveCfg = Release|Any CPU
		{11E1CAD1-8676-E253-2991-54ED693DCB33}.Release|x86.Build.0 = Release|Any CPU
		{DB88811A-F3A6-44C6-9107-D1125A6AB2FC}.Debug|Any CPU.ActiveCfg = Debug|Any CPU
		{DB88811A-F3A6-44C6-9107-D1125A6AB2FC}.Debug|Any CPU.Build.0 = Debug|Any CPU
		{DB88811A-F3A6-44C6-9107-D1125A6AB2FC}.Debug|x64.ActiveCfg = Debug|Any CPU
		{DB88811A-F3A6-44C6-9107-D1125A6AB2FC}.Debug|x64.Build.0 = Debug|Any CPU
		{DB88811A-F3A6-44C6-9107-D1125A6AB2FC}.Debug|x86.ActiveCfg = Debug|Any CPU
		{DB88811A-F3A6-44C6-9107-D1125A6AB2FC}.Debug|x86.Build.0 = Debug|Any CPU
		{DB88811A-F3A6-44C6-9107-D1125A6AB2FC}.Release|Any CPU.ActiveCfg = Release|Any CPU
		{DB88811A-F3A6-44C6-9107-D1125A6AB2FC}.Release|Any CPU.Build.0 = Release|Any CPU
		{DB88811A-F3A6-44C6-9107-D1125A6AB2FC}.Release|x64.ActiveCfg = Release|Any CPU
		{DB88811A-F3A6-44C6-9107-D1125A6AB2FC}.Release|x64.Build.0 = Release|Any CPU
		{DB88811A-F3A6-44C6-9107-D1125A6AB2FC}.Release|x86.ActiveCfg = Release|Any CPU
		{DB88811A-F3A6-44C6-9107-D1125A6AB2FC}.Release|x86.Build.0 = Release|Any CPU
		{58F2B5A9-18E4-4BF5-ACA9-6DD70F4E0EA5}.Debug|Any CPU.ActiveCfg = Debug|Any CPU
		{58F2B5A9-18E4-4BF5-ACA9-6DD70F4E0EA5}.Debug|Any CPU.Build.0 = Debug|Any CPU
		{58F2B5A9-18E4-4BF5-ACA9-6DD70F4E0EA5}.Debug|x64.ActiveCfg = Debug|Any CPU
		{58F2B5A9-18E4-4BF5-ACA9-6DD70F4E0EA5}.Debug|x64.Build.0 = Debug|Any CPU
		{58F2B5A9-18E4-4BF5-ACA9-6DD70F4E0EA5}.Debug|x86.ActiveCfg = Debug|Any CPU
		{58F2B5A9-18E4-4BF5-ACA9-6DD70F4E0EA5}.Debug|x86.Build.0 = Debug|Any CPU
		{58F2B5A9-18E4-4BF5-ACA9-6DD70F4E0EA5}.Release|Any CPU.ActiveCfg = Release|Any CPU
		{58F2B5A9-18E4-4BF5-ACA9-6DD70F4E0EA5}.Release|Any CPU.Build.0 = Release|Any CPU
		{58F2B5A9-18E4-4BF5-ACA9-6DD70F4E0EA5}.Release|x64.ActiveCfg = Release|Any CPU
		{58F2B5A9-18E4-4BF5-ACA9-6DD70F4E0EA5}.Release|x64.Build.0 = Release|Any CPU
		{58F2B5A9-18E4-4BF5-ACA9-6DD70F4E0EA5}.Release|x86.ActiveCfg = Release|Any CPU
		{58F2B5A9-18E4-4BF5-ACA9-6DD70F4E0EA5}.Release|x86.Build.0 = Release|Any CPU
	EndGlobalSection
	GlobalSection(SolutionProperties) = preSolution
		HideSolutionNode = FALSE
	EndGlobalSection
EndGlobal
